
Microsoft Visual Studio Solution File, Format Version 12.00
# Visual Studio Version 16
VisualStudioVersion = 16.0.30711.63
MinimumVisualStudioVersion = 10.0.40219.1
Project("{FAE04EC0-301F-11D3-BF4B-00C04F79EFBC}") = "Api", "Api\Api.csproj", "{B8AD275F-8674-4A2C-A44B-1E4667EB4497}"
EndProject
Global
	GlobalSection(SolutionConfigurationPlatforms) = preSolution
		Debug|Any CPU = Debug|Any CPU
		Release|Any CPU = Release|Any CPU
	EndGlobalSection
	GlobalSection(ProjectConfigurationPlatforms) = postSolution
		{B8AD275F-8674-4A2C-A44B-1E4667EB4497}.Debug|Any CPU.ActiveCfg = Debug|Any CPU
		{B8AD275F-8674-4A2C-A44B-1E4667EB4497}.Debug|Any CPU.Build.0 = Debug|Any CPU
		{B8AD275F-8674-4A2C-A44B-1E4667EB4497}.Release|Any CPU.ActiveCfg = Release|Any CPU
		{B8AD275F-8674-4A2C-A44B-1E4667EB4497}.Release|Any CPU.Build.0 = Release|Any CPU
	EndGlobalSection
	GlobalSection(SolutionProperties) = preSolution
		HideSolutionNode = FALSE
	EndGlobalSection
	GlobalSection(ExtensibilityGlobals) = postSolution
		SolutionGuid = {27A4BE8D-1DAB-4ABD-99F7-48C4764D8384}
	EndGlobalSection
EndGlobal
